// !$*UTF8*$!
{
	archiveVersion = 1;
	classes = {
	};
	objectVersion = 50;
	objects = {

/* Begin PBXBuildFile section */
		8AB6876A2439CE42003955A4 /* AppDelegate.swift in Sources */ = {isa = PBXBuildFile; fileRef = 8AB687692439CE42003955A4 /* AppDelegate.swift */; };
		8AB6876C2439CE42003955A4 /* SceneDelegate.swift in Sources */ = {isa = PBXBuildFile; fileRef = 8AB6876B2439CE42003955A4 /* SceneDelegate.swift */; };
		8AB6876E2439CE42003955A4 /* ViewController.swift in Sources */ = {isa = PBXBuildFile; fileRef = 8AB6876D2439CE42003955A4 /* ViewController.swift */; };
		8AB687712439CE42003955A4 /* Main.storyboard in Resources */ = {isa = PBXBuildFile; fileRef = 8AB6876F2439CE42003955A4 /* Main.storyboard */; };
		8AB687732439CE47003955A4 /* Assets.xcassets in Resources */ = {isa = PBXBuildFile; fileRef = 8AB687722439CE47003955A4 /* Assets.xcassets */; };
		8AB687762439CE47003955A4 /* LaunchScreen.storyboard in Resources */ = {isa = PBXBuildFile; fileRef = 8AB687742439CE47003955A4 /* LaunchScreen.storyboard */; };
		8AB687812439CE48003955A4 /* OneChatTestTests.swift in Sources */ = {isa = PBXBuildFile; fileRef = 8AB687802439CE48003955A4 /* OneChatTestTests.swift */; };
/* End PBXBuildFile section */

/* Begin PBXContainerItemProxy section */
		8AB6877D2439CE48003955A4 /* PBXContainerItemProxy */ = {
			isa = PBXContainerItemProxy;
			containerPortal = 8AB6875E2439CE42003955A4 /* Project object */;
			proxyType = 1;
			remoteGlobalIDString = 8AB687652439CE42003955A4;
			remoteInfo = OneChatTest;
		};
/* End PBXContainerItemProxy section */

/* Begin PBXFileReference section */
		8AB687662439CE42003955A4 /* OneChatTest.app */ = {isa = PBXFileReference; explicitFileType = wrapper.application; includeInIndex = 0; path = OneChatTest.app; sourceTree = BUILT_PRODUCTS_DIR; };
		8AB687692439CE42003955A4 /* AppDelegate.swift */ = {isa = PBXFileReference; lastKnownFileType = sourcecode.swift; path = AppDelegate.swift; sourceTree = "<group>"; };
		8AB6876B2439CE42003955A4 /* SceneDelegate.swift */ = {isa = PBXFileReference; lastKnownFileType = sourcecode.swift; path = SceneDelegate.swift; sourceTree = "<group>"; };
		8AB6876D2439CE42003955A4 /* ViewController.swift */ = {isa = PBXFileReference; lastKnownFileType = sourcecode.swift; path = ViewController.swift; sourceTree = "<group>"; };
		8AB687702439CE42003955A4 /* Base */ = {isa = PBXFileReference; lastKnownFileType = file.storyboard; name = Base; path = Base.lproj/Main.storyboard; sourceTree = "<group>"; };
		8AB687722439CE47003955A4 /* Assets.xcassets */ = {isa = PBXFileReference; lastKnownFileType = folder.assetcatalog; path = Assets.xcassets; sourceTree = "<group>"; };
		8AB687752439CE47003955A4 /* Base */ = {isa = PBXFileReference; lastKnownFileType = file.storyboard; name = Base; path = Base.lproj/LaunchScreen.storyboard; sourceTree = "<group>"; };
		8AB687772439CE47003955A4 /* Info.plist */ = {isa = PBXFileReference; lastKnownFileType = text.plist.xml; path = Info.plist; sourceTree = "<group>"; };
		8AB6877C2439CE48003955A4 /* OneChatTestTests.xctest */ = {isa = PBXFileReference; explicitFileType = wrapper.cfbundle; includeInIndex = 0; path = OneChatTestTests.xctest; sourceTree = BUILT_PRODUCTS_DIR; };
		8AB687802439CE48003955A4 /* OneChatTestTests.swift */ = {isa = PBXFileReference; lastKnownFileType = sourcecode.swift; path = OneChatTestTests.swift; sourceTree = "<group>"; };
		8AB687822439CE48003955A4 /* Info.plist */ = {isa = PBXFileReference; lastKnownFileType = text.plist.xml; path = Info.plist; sourceTree = "<group>"; };
/* End PBXFileReference section */

/* Begin PBXFrameworksBuildPhase section */
		8AB687632439CE42003955A4 /* Frameworks */ = {
			isa = PBXFrameworksBuildPhase;
			buildActionMask = 2147483647;
			files = (
			);
			runOnlyForDeploymentPostprocessing = 0;
		};
		8AB687792439CE48003955A4 /* Frameworks */ = {
			isa = PBXFrameworksBuildPhase;
			buildActionMask = 2147483647;
			files = (
			);
			runOnlyForDeploymentPostprocessing = 0;
		};
/* End PBXFrameworksBuildPhase section */

/* Begin PBXGroup section */
		8AB6875D2439CE42003955A4 = {
			isa = PBXGroup;
			children = (
				8AB687682439CE42003955A4 /* OneChatTest */,
				8AB6877F2439CE48003955A4 /* OneChatTestTests */,
				8AB687672439CE42003955A4 /* Products */,
			);
			sourceTree = "<group>";
		};
		8AB687672439CE42003955A4 /* Products */ = {
			isa = PBXGroup;
			children = (
				8AB687662439CE42003955A4 /* OneChatTest.app */,
				8AB6877C2439CE48003955A4 /* OneChatTestTests.xctest */,
			);
			name = Products;
			sourceTree = "<group>";
		};
		8AB687682439CE42003955A4 /* OneChatTest */ = {
			isa = PBXGroup;
			children = (
				8AB687692439CE42003955A4 /* AppDelegate.swift */,
				8AB6876B2439CE42003955A4 /* SceneDelegate.swift */,
				8AB6876D2439CE42003955A4 /* ViewController.swift */,
				8AB6876F2439CE42003955A4 /* Main.storyboard */,
				8AB687722439CE47003955A4 /* Assets.xcassets */,
				8AB687742439CE47003955A4 /* LaunchScreen.storyboard */,
				8AB687772439CE47003955A4 /* Info.plist */,
			);
			path = OneChatTest;
			sourceTree = "<group>";
		};
		8AB6877F2439CE48003955A4 /* OneChatTestTests */ = {
			isa = PBXGroup;
			children = (
				8AB687802439CE48003955A4 /* OneChatTestTests.swift */,
				8AB687822439CE48003955A4 /* Info.plist */,
			);
			path = OneChatTestTests;
			sourceTree = "<group>";
		};
/* End PBXGroup section */

/* Begin PBXNativeTarget section */
		8AB687652439CE42003955A4 /* OneChatTest */ = {
			isa = PBXNativeTarget;
			buildConfigurationList = 8AB687852439CE48003955A4 /* Build configuration list for PBXNativeTarget "OneChatTest" */;
			buildPhases = (
				8AB687622439CE42003955A4 /* Sources */,
				8AB687632439CE42003955A4 /* Frameworks */,
				8AB687642439CE42003955A4 /* Resources */,
			);
			buildRules = (
			);
			dependencies = (
			);
			name = OneChatTest;
			productName = OneChatTest;
			productReference = 8AB687662439CE42003955A4 /* OneChatTest.app */;
			productType = "com.apple.product-type.application";
		};
		8AB6877B2439CE48003955A4 /* OneChatTestTests */ = {
			isa = PBXNativeTarget;
			buildConfigurationList = 8AB687882439CE48003955A4 /* Build configuration list for PBXNativeTarget "OneChatTestTests" */;
			buildPhases = (
				8AB687782439CE48003955A4 /* Sources */,
				8AB687792439CE48003955A4 /* Frameworks */,
				8AB6877A2439CE48003955A4 /* Resources */,
			);
			buildRules = (
			);
			dependencies = (
				8AB6877E2439CE48003955A4 /* PBXTargetDependency */,
			);
			name = OneChatTestTests;
			productName = OneChatTestTests;
			productReference = 8AB6877C2439CE48003955A4 /* OneChatTestTests.xctest */;
			productType = "com.apple.product-type.bundle.unit-test";
		};
/* End PBXNativeTarget section */

/* Begin PBXProject section */
		8AB6875E2439CE42003955A4 /* Project object */ = {
			isa = PBXProject;
			attributes = {
				LastSwiftUpdateCheck = 1140;
				LastUpgradeCheck = 1140;
				ORGANIZATIONNAME = Teeramet;
				TargetAttributes = {
					8AB687652439CE42003955A4 = {
						CreatedOnToolsVersion = 11.4;
					};
					8AB6877B2439CE48003955A4 = {
						CreatedOnToolsVersion = 11.4;
						TestTargetID = 8AB687652439CE42003955A4;
					};
				};
			};
			buildConfigurationList = 8AB687612439CE42003955A4 /* Build configuration list for PBXProject "OneChatTest" */;
			compatibilityVersion = "Xcode 9.3";
			developmentRegion = en;
			hasScannedForEncodings = 0;
			knownRegions = (
				en,
				Base,
			);
			mainGroup = 8AB6875D2439CE42003955A4;
			productRefGroup = 8AB687672439CE42003955A4 /* Products */;
			projectDirPath = "";
			projectRoot = "";
			targets = (
				8AB687652439CE42003955A4 /* OneChatTest */,
				8AB6877B2439CE48003955A4 /* OneChatTestTests */,
			);
		};
/* End PBXProject section */

/* Begin PBXResourcesBuildPhase section */
		8AB687642439CE42003955A4 /* Resources */ = {
			isa = PBXResourcesBuildPhase;
			buildActionMask = 2147483647;
			files = (
				8AB687762439CE47003955A4 /* LaunchScreen.storyboard in Resources */,
				8AB687732439CE47003955A4 /* Assets.xcassets in Resources */,
				8AB687712439CE42003955A4 /* Main.storyboard in Resources */,
			);
			runOnlyForDeploymentPostprocessing = 0;
		};
		8AB6877A2439CE48003955A4 /* Resources */ = {
			isa = PBXResourcesBuildPhase;
			buildActionMask = 2147483647;
			files = (
			);
			runOnlyForDeploymentPostprocessing = 0;
		};
/* End PBXResourcesBuildPhase section */

/* Begin PBXSourcesBuildPhase section */
		8AB687622439CE42003955A4 /* Sources */ = {
			isa = PBXSourcesBuildPhase;
			buildActionMask = 2147483647;
			files = (
				8AB6876E2439CE42003955A4 /* ViewController.swift in Sources */,
				8AB6876A2439CE42003955A4 /* AppDelegate.swift in Sources */,
				8AB6876C2439CE42003955A4 /* SceneDelegate.swift in Sources */,
			);
			runOnlyForDeploymentPostprocessing = 0;
		};
		8AB687782439CE48003955A4 /* Sources */ = {
			isa = PBXSourcesBuildPhase;
			buildActionMask = 2147483647;
			files = (
				8AB687812439CE48003955A4 /* OneChatTestTests.swift in Sources */,
			);
			runOnlyForDeploymentPostprocessing = 0;
		};
/* End PBXSourcesBuildPhase section */

/* Begin PBXTargetDependency section */
		8AB6877E2439CE48003955A4 /* PBXTargetDependency */ = {
			isa = PBXTargetDependency;
			target = 8AB687652439CE42003955A4 /* OneChatTest */;
			targetProxy = 8AB6877D2439CE48003955A4 /* PBXContainerItemProxy */;
		};
/* End PBXTargetDependency section */

/* Begin PBXVariantGroup section */
		8AB6876F2439CE42003955A4 /* Main.storyboard */ = {
			isa = PBXVariantGroup;
			children = (
				8AB687702439CE42003955A4 /* Base */,
			);
			name = Main.storyboard;
			sourceTree = "<group>";
		};
		8AB687742439CE47003955A4 /* LaunchScreen.storyboard */ = {
			isa = PBXVariantGroup;
			children = (
				8AB687752439CE47003955A4 /* Base */,
			);
			name = LaunchScreen.storyboard;
			sourceTree = "<group>";
		};
/* End PBXVariantGroup section */

/* Begin XCBuildConfiguration section */
		8AB687832439CE48003955A4 /* Debug */ = {
			isa = XCBuildConfiguration;
			buildSettings = {
				ALWAYS_SEARCH_USER_PATHS = NO;
				CLANG_ANALYZER_NONNULL = YES;
				CLANG_ANALYZER_NUMBER_OBJECT_CONVERSION = YES_AGGRESSIVE;
				CLANG_CXX_LANGUAGE_STANDARD = "gnu++14";
				CLANG_CXX_LIBRARY = "libc++";
				CLANG_ENABLE_MODULES = YES;
				CLANG_ENABLE_OBJC_ARC = YES;
				CLANG_ENABLE_OBJC_WEAK = YES;
				CLANG_WARN_BLOCK_CAPTURE_AUTORELEASING = YES;
				CLANG_WARN_BOOL_CONVERSION = YES;
				CLANG_WARN_COMMA = YES;
				CLANG_WARN_CONSTANT_CONVERSION = YES;
				CLANG_WARN_DEPRECATED_OBJC_IMPLEMENTATIONS = YES;
				CLANG_WARN_DIRECT_OBJC_ISA_USAGE = YES_ERROR;
				CLANG_WARN_DOCUMENTATION_COMMENTS = YES;
				CLANG_WARN_EMPTY_BODY = YES;
				CLANG_WARN_ENUM_CONVERSION = YES;
				CLANG_WARN_INFINITE_RECURSION = YES;
				CLANG_WARN_INT_CONVERSION = YES;
				CLANG_WARN_NON_LITERAL_NULL_CONVERSION = YES;
				CLANG_WARN_OBJC_IMPLICIT_RETAIN_SELF = YES;
				CLANG_WARN_OBJC_LITERAL_CONVERSION = YES;
				CLANG_WARN_OBJC_ROOT_CLASS = YES_ERROR;
				CLANG_WARN_RANGE_LOOP_ANALYSIS = YES;
				CLANG_WARN_STRICT_PROTOTYPES = YES;
				CLANG_WARN_SUSPICIOUS_MOVE = YES;
				CLANG_WARN_UNGUARDED_AVAILABILITY = YES_AGGRESSIVE;
				CLANG_WARN_UNREACHABLE_CODE = YES;
				CLANG_WARN__DUPLICATE_METHOD_MATCH = YES;
				COPY_PHASE_STRIP = NO;
				DEBUG_INFORMATION_FORMAT = dwarf;
				ENABLE_STRICT_OBJC_MSGSEND = YES;
				ENABLE_TESTABILITY = YES;
				GCC_C_LANGUAGE_STANDARD = gnu11;
				GCC_DYNAMIC_NO_PIC = NO;
				GCC_NO_COMMON_BLOCKS = YES;
				GCC_OPTIMIZATION_LEVEL = 0;
				GCC_PREPROCESSOR_DEFINITIONS = (
					"DEBUG=1",
					"$(inherited)",
				);
				GCC_WARN_64_TO_32_BIT_CONVERSION = YES;
				GCC_WARN_ABOUT_RETURN_TYPE = YES_ERROR;
				GCC_WARN_UNDECLARED_SELECTOR = YES;
				GCC_WARN_UNINITIALIZED_AUTOS = YES_AGGRESSIVE;
				GCC_WARN_UNUSED_FUNCTION = YES;
				GCC_WARN_UNUSED_VARIABLE = YES;
				IPHONEOS_DEPLOYMENT_TARGET = 13.4;
				MTL_ENABLE_DEBUG_INFO = INCLUDE_SOURCE;
				MTL_FAST_MATH = YES;
				ONLY_ACTIVE_ARCH = YES;
				SDKROOT = iphoneos;
				SWIFT_ACTIVE_COMPILATION_CONDITIONS = DEBUG;
				SWIFT_OPTIMIZATION_LEVEL = "-Onone";
			};
			name = Debug;
		};
		8AB687842439CE48003955A4 /* Release */ = {
			isa = XCBuildConfiguration;
			buildSettings = {
				ALWAYS_SEARCH_USER_PATHS = NO;
				CLANG_ANALYZER_NONNULL = YES;
				CLANG_ANALYZER_NUMBER_OBJECT_CONVERSION = YES_AGGRESSIVE;
				CLANG_CXX_LANGUAGE_STANDARD = "gnu++14";
				CLANG_CXX_LIBRARY = "libc++";
				CLANG_ENABLE_MODULES = YES;
				CLANG_ENABLE_OBJC_ARC = YES;
				CLANG_ENABLE_OBJC_WEAK = YES;
				CLANG_WARN_BLOCK_CAPTURE_AUTORELEASING = YES;
				CLANG_WARN_BOOL_CONVERSION = YES;
				CLANG_WARN_COMMA = YES;
				CLANG_WARN_CONSTANT_CONVERSION = YES;
				CLANG_WARN_DEPRECATED_OBJC_IMPLEMENTATIONS = YES;
				CLANG_WARN_DIRECT_OBJC_ISA_USAGE = YES_ERROR;
				CLANG_WARN_DOCUMENTATION_COMMENTS = YES;
				CLANG_WARN_EMPTY_BODY = YES;
				CLANG_WARN_ENUM_CONVERSION = YES;
				CLANG_WARN_INFINITE_RECURSION = YES;
				CLANG_WARN_INT_CONVERSION = YES;
				CLANG_WARN_NON_LITERAL_NULL_CONVERSION = YES;
				CLANG_WARN_OBJC_IMPLICIT_RETAIN_SELF = YES;
				CLANG_WARN_OBJC_LITERAL_CONVERSION = YES;
				CLANG_WARN_OBJC_ROOT_CLASS = YES_ERROR;
				CLANG_WARN_RANGE_LOOP_ANALYSIS = YES;
				CLANG_WARN_STRICT_PROTOTYPES = YES;
				CLANG_WARN_SUSPICIOUS_MOVE = YES;
				CLANG_WARN_UNGUARDED_AVAILABILITY = YES_AGGRESSIVE;
				CLANG_WARN_UNREACHABLE_CODE = YES;
				CLANG_WARN__DUPLICATE_METHOD_MATCH = YES;
				COPY_PHASE_STRIP = NO;
				DEBUG_INFORMATION_FORMAT = "dwarf-with-dsym";
				ENABLE_NS_ASSERTIONS = NO;
				ENABLE_STRICT_OBJC_MSGSEND = YES;
				GCC_C_LANGUAGE_STANDARD = gnu11;
				GCC_NO_COMMON_BLOCKS = YES;
				GCC_WARN_64_TO_32_BIT_CONVERSION = YES;
				GCC_WARN_ABOUT_RETURN_TYPE = YES_ERROR;
				GCC_WARN_UNDECLARED_SELECTOR = YES;
				GCC_WARN_UNINITIALIZED_AUTOS = YES_AGGRESSIVE;
				GCC_WARN_UNUSED_FUNCTION = YES;
				GCC_WARN_UNUSED_VARIABLE = YES;
				IPHONEOS_DEPLOYMENT_TARGET = 13.4;
				MTL_ENABLE_DEBUG_INFO = NO;
				MTL_FAST_MATH = YES;
				SDKROOT = iphoneos;
				SWIFT_COMPILATION_MODE = wholemodule;
				SWIFT_OPTIMIZATION_LEVEL = "-O";
				VALIDATE_PRODUCT = YES;
			};
			name = Release;
		};
		8AB687862439CE48003955A4 /* Debug */ = {
			isa = XCBuildConfiguration;
			buildSettings = {
				ASSETCATALOG_COMPILER_APPICON_NAME = AppIcon;
				CODE_SIGN_STYLE = Automatic;
				DEVELOPMENT_TEAM = Y5T9M7FM4M;
				INFOPLIST_FILE = OneChatTest/Info.plist;
				LD_RUNPATH_SEARCH_PATHS = (
					"$(inherited)",
					"@executable_path/Frameworks",
				);
				PRODUCT_BUNDLE_IDENTIFIER = com.test.mvvm.onechat.OneChatTest;
				PRODUCT_NAME = "$(TARGET_NAME)";
				SWIFT_VERSION = 5.0;
				TARGETED_DEVICE_FAMILY = "1,2";
			};
			name = Debug;
		};
		8AB687872439CE48003955A4 /* Release */ = {
			isa = XCBuildConfiguration;
			buildSettings = {
				ASSETCATALOG_COMPILER_APPICON_NAME = AppIcon;
				CODE_SIGN_STYLE = Automatic;
				DEVELOPMENT_TEAM = Y5T9M7FM4M;
				INFOPLIST_FILE = OneChatTest/Info.plist;
				LD_RUNPATH_SEARCH_PATHS = (
					"$(inherited)",
					"@executable_path/Frameworks",
				);
				PRODUCT_BUNDLE_IDENTIFIER = com.test.mvvm.onechat.OneChatTest;
				PRODUCT_NAME = "$(TARGET_NAME)";
				SWIFT_VERSION = 5.0;
				TARGETED_DEVICE_FAMILY = "1,2";
			};
			name = Release;
		};
		8AB687892439CE48003955A4 /* Debug */ = {
			isa = XCBuildConfiguration;
			buildSettings = {
				ALWAYS_EMBED_SWIFT_STANDARD_LIBRARIES = YES;
				BUNDLE_LOADER = "$(TEST_HOST)";
				CODE_SIGN_STYLE = Automatic;
				DEVELOPMENT_TEAM = Y5T9M7FM4M;
				INFOPLIST_FILE = OneChatTestTests/Info.plist;
				IPHONEOS_DEPLOYMENT_TARGET = 13.4;
				LD_RUNPATH_SEARCH_PATHS = (
					"$(inherited)",
					"@executable_path/Frameworks",
					"@loader_path/Frameworks",
				);
				PRODUCT_BUNDLE_IDENTIFIER = com.test.mvvm.onechat.OneChatTestTests;
				PRODUCT_NAME = "$(TARGET_NAME)";
				SWIFT_VERSION = 5.0;
				TARGETED_DEVICE_FAMILY = "1,2";
				TEST_HOST = "$(BUILT_PRODUCTS_DIR)/OneChatTest.app/OneChatTest";
			};
			name = Debug;
		};
		8AB6878A2439CE48003955A4 /* Release */ = {
			isa = XCBuildConfiguration;
			buildSettings = {
				ALWAYS_EMBED_SWIFT_STANDARD_LIBRARIES = YES;
				BUNDLE_LOADER = "$(TEST_HOST)";
				CODE_SIGN_STYLE = Automatic;
				DEVELOPMENT_TEAM = Y5T9M7FM4M;
				INFOPLIST_FILE = OneChatTestTests/Info.plist;
				IPHONEOS_DEPLOYMENT_TARGET = 13.4;
				LD_RUNPATH_SEARCH_PATHS = (
					"$(inherited)",
					"@executable_path/Frameworks",
					"@loader_path/Frameworks",
				);
				PRODUCT_BUNDLE_IDENTIFIER = com.test.mvvm.onechat.OneChatTestTests;
				PRODUCT_NAME = "$(TARGET_NAME)";
				SWIFT_VERSION = 5.0;
				TARGETED_DEVICE_FAMILY = "1,2";
				TEST_HOST = "$(BUILT_PRODUCTS_DIR)/OneChatTest.app/OneChatTest";
			};
			name = Release;
		};
/* End XCBuildConfiguration section */

/* Begin XCConfigurationList section */
		8AB687612439CE42003955A4 /* Build configuration list for PBXProject "OneChatTest" */ = {
			isa = XCConfigurationList;
			buildConfigurations = (
				8AB687832439CE48003955A4 /* Debug */,
				8AB687842439CE48003955A4 /* Release */,
			);
			defaultConfigurationIsVisible = 0;
			defaultConfigurationName = Release;
		};
		8AB687852439CE48003955A4 /* Build configuration list for PBXNativeTarget "OneChatTest" */ = {
			isa = XCConfigurationList;
			buildConfigurations = (
				8AB687862439CE48003955A4 /* Debug */,
				8AB687872439CE48003955A4 /* Release */,
			);
			defaultConfigurationIsVisible = 0;
			defaultConfigurationName = Release;
		};
		8AB687882439CE48003955A4 /* Build configuration list for PBXNativeTarget "OneChatTestTests" */ = {
			isa = XCConfigurationList;
			buildConfigurations = (
				8AB687892439CE48003955A4 /* Debug */,
				8AB6878A2439CE48003955A4 /* Release */,
			);
			defaultConfigurationIsVisible = 0;
			defaultConfigurationName = Release;
		};
/* End XCConfigurationList section */
	};
	rootObject = 8AB6875E2439CE42003955A4 /* Project object */;
}
